{
  "nodes": {
    "elisp-helpers": {
      "inputs": {
        "fromElisp": "fromElisp"
      },
      "locked": {
        "lastModified": 1782098990,
        "narHash": "sha256-cdzwG8NRXtwlG25Tjfvscx9nKllZbNbEHvK/q7Sdmak=",
        "ref": "refs/heads/master",
        "rev": "6ed8c5617af3d62a456ad1407c2e22feefd48b1b",
        "shallow": true,
        "type": "git",
        "url": "https://github.com/emacs-twist/elisp-helpers"
      },
      "original": {
        "ref": "refs/heads/master",
        "shallow": true,
        "type": "git",
        "url": "https://github.com/emacs-twist/elisp-helpers"
      }
    },
    "elpa-gnu": {
      "flake": false,
      "locked": {
        "lastModified": 1789416879,
        "narHash": "sha256-XjvCvwM1UtsK2sCDPtvSbX2/vXa21yTYHps0RUJM/3M=",
        "ref": "refs/heads/main",
        "rev": "1b931982694220ec7d3b08bd95dd623355c6a9c7",
        "shallow": true,
        "type": "git",
        "url": "https://git.savannah.gnu.org/git/elpa/gnu.git"
      },
      "original": {
        "ref": "refs/heads/main",
        "shallow": true,
        "type": "git",
        "url": "https://git.savannah.gnu.org/git/elpa/gnu.git"
      }
    },
    "elpa-nongnu": {
      "flake": false,
      "locked": {
        "lastModified": 1789161944,
        "narHash": "sha256-krEDJE5G2czgNTRxJSSmaIDWP4VMYZ0RKbEJkJfhnlo=",
        "ref": "refs/heads/main",
        "rev": "da66b7cb9df4d472a5cd31079694d19ac6078645",
        "shallow": true,
        "type": "git",
        "url": "https://git.savannah.gnu.org/git/elpa/nongnu.git"
      },
      "original": {
        "ref": "refs/heads/main",
        "shallow": true,
        "type": "git",
        "url": "https://git.savannah.gnu.org/git/elpa/nongnu.git"
      }
    },
    "flake-parts": {
      "inputs": {
        "nixpkgs-lib": "nixpkgs-lib"
      },
      "locked": {
        "lastModified": 1788450739,
        "narHash": "sha256-glZLQlzIn1fXH6PazR2iUmTo7kzzyYSshrWhLS9TqCU=",
        "ref": "refs/heads/main",
        "rev": "31729ca8cbdb4fa927b34e5f4353e6a83f39e993",
        "shallow": true,
        "type": "git",
        "url": "https://github.com/hercules-ci/flake-parts.git"
      },
      "original": {
        "ref": "refs/heads/main",
        "shallow": true,
        "type": "git",
        "url": "https://github.com/hercules-ci/flake-parts.git"
      }
    },
    "fromElisp": {
      "flake": false,
      "locked": {
        "lastModified": 1723987997,
        "narHash": "sha256-OhaVgTG6zjLByzl+uPTvtCld3p2uqgbCXmOl/s3LVRo=",
        "owner": "talyz",
        "repo": "fromElisp",
        "rev": "f071a0e262c02c0895b575c4e322b7fd90713543",
        "type": "github"
      },
      "original": {
        "owner": "talyz",
        "repo": "fromElisp",
        "type": "github"
      }
    },
    "melpa": {
      "flake": false,
      "locked": {
        "lastModified": 1789907757,
        "narHash": "sha256-L24TSIWrvFvlQz/k6KHDwQChNxsSIM9TWK5vANeQ7vA=",
        "ref": "refs/heads/master",
        "rev": "99beea70c486fc771f5331d38c715db7c00702f3",
        "shallow": true,
        "type": "git",
        "url": "https://github.com/melpa/melpa.git"
      },
      "original": {
        "ref": "refs/heads/master",
        "shallow": true,
        "type": "git",
        "url": "https://github.com/melpa/melpa.git"
      }
    },
    "nix-to-lisp": {
      "inputs": {
        "flake-parts": [
          "flake-parts"
        ],
        "nixpkgs": [
          "nixpkgs"
        ]
      },
      "locked": {
        "lastModified": 1786893193,
        "narHash": "sha256-u+0OAt2Y3w9gTr4JdP11mM/NDbQN40laKSJQelLmUCE=",
        "ref": "refs/heads/main",
        "rev": "69e760eb522700ed81f736ea1a05b8286dff2c04",
        "shallow": true,
        "type": "git",
        "url": "https://github.com/ren-lingyu/nix-to-lisp.git"
      },
      "original": {
        "ref": "refs/heads/main",
        "shallow": true,
        "type": "git",
        "url": "https://github.com/ren-lingyu/nix-to-lisp.git"
      }
    },
    "nixpkgs": {
      "locked": {
        "lastModified": 1789724158,
        "narHash": "sha256-nlKgrm0dsVhOSopKheVBCcOpiIticufPPVLdVOI0euA=",
        "ref": "refs/heads/nixpkgs-unstable",
        "rev": "0a3468a402c449992505b6a9fc5b06580141b750",
        "shallow": true,
        "type": "git",
        "url": "https://github.com/NixOS/nixpkgs.git"
      },
      "original": {
        "ref": "refs/heads/nixpkgs-unstable",
        "shallow": true,
        "type": "git",
        "url": "https://github.com/NixOS/nixpkgs.git"
      }
    },
    "nixpkgs-lib": {
      "locked": {
        "lastModified": 1788057806,
        "narHash": "sha256-DTQSMxzDWmT0zhguthvegnVkn7CFqGCv4IHCzk5ZUpM=",
        "owner": "nix-community",
        "repo": "nixpkgs.lib",
        "rev": "596e2e3940e09b2abbeb03f75fa1828c57fcd72c",
        "type": "github"
      },
      "original": {
        "owner": "nix-community",
        "repo": "nixpkgs.lib",
        "type": "github"
      }
    },
    "root": {
      "inputs": {
        "elpa-gnu": "elpa-gnu",
        "elpa-nongnu": "elpa-nongnu",
        "flake-parts": "flake-parts",
        "melpa": "melpa",
        "nix-to-lisp": "nix-to-lisp",
        "nixpkgs": "nixpkgs",
        "twist": "twist"
      }
    },
    "twist": {
      "inputs": {
        "elisp-helpers": "elisp-helpers"
      },
      "locked": {
        "lastModified": 1786923958,
        "narHash": "sha256-9TVA1sn+NvbJwYgPELWoN4KS8CQtpKnLwWN+OYynGA0=",
        "ref": "refs/heads/master",
        "rev": "35b0bbe3356cecdbfb0e925ccd6f5c736209e2ba",
        "shallow": true,
        "type": "git",
        "url": "https://github.com/emacs-twist/twist.nix.git"
      },
      "original": {
        "ref": "refs/heads/master",
        "shallow": true,
        "type": "git",
        "url": "https://github.com/emacs-twist/twist.nix.git"
      }
    }
  },
  "root": "root",
  "version": 7
}
